version = 1
revision = 2
requires-python = ">=3.8"
resolution-markers = [
    "python_full_version >= '3.9'",
    "python_full_version < '3.9'",
]

[[package]]
name = "pyhocon"
version = "0.3.61"
source = { registry = "https://pypi.org/simple" }
dependencies = [
    { name = "pyparsing", version = "3.1.4", source = { registry = "https://pypi.org/simple" }, marker = "python_full_version < '3.9'" },
    { name = "pyparsing", version = "3.2.5", source = { registry = "https://pypi.org/simple" }, marker = "python_full_version >= '3.9'" },
]
wheels = [
    { url = "https://files.pythonhosted.org/packages/39/2d/cd65dc4fa8c901e6d02b4074771ced04828d71af18b97da24ed1e55507d7/pyhocon-0.3.61-py3-none-any.whl", hash = "sha256:73d0f064af9a7d454949c5557284ce1d716cfd8e1383ecc90095fc575d278df0", size = 25049, upload-time = "2024-05-29T15:09:23.683Z" },
]

[[package]]
name = "pyhocon-rs"
source = { editable = "." }
dependencies = [
    { name = "pyhocon" },
]

[package.metadata]
requires-dist = [{ name = "pyhocon", specifier = ">=0.3.61" }]

[[package]]
name = "pyparsing"
version = "3.1.4"
source = { registry = "https://pypi.org/simple" }
resolution-markers = [
    "python_full_version < '3.9'",
]
sdist = { url = "https://files.pythonhosted.org/packages/83/08/13f3bce01b2061f2bbd582c9df82723de943784cf719a35ac886c652043a/pyparsing-3.1.4.tar.gz", hash = "sha256:f86ec8d1a83f11977c9a6ea7598e8c27fc5cddfa5b07ea2241edbbde1d7bc032", size = 900231, upload-time = "2024-08-25T15:00:47.416Z" }
wheels = [
    { url = "https://files.pythonhosted.org/packages/e5/0c/0e3c05b1c87bb6a1c76d281b0f35e78d2d80ac91b5f8f524cebf77f51049/pyparsing-3.1.4-py3-none-any.whl", hash = "sha256:a6a7ee4235a3f944aa1fa2249307708f893fe5717dc603503c6c7969c070fb7c", size = 104100, upload-time = "2024-08-25T15:00:45.361Z" },
]

[[package]]
name = "pyparsing"
version = "3.2.5"
source = { registry = "https://pypi.org/simple" }
resolution-markers = [
    "python_full_version >= '3.9'",
]
sdist = { url = "https://files.pythonhosted.org/packages/f2/a5/181488fc2b9d093e3972d2a472855aae8a03f000592dbfce716a512b3359/pyparsing-3.2.5.tar.gz", hash = "sha256:2df8d5b7b2802ef88e8d016a2eb9c7aeaa923529cd251ed0fe4608275d4105b6", size = 1099274, upload-time = "2025-09-21T04:11:06.277Z" }
wheels = [
    { url = "https://files.pythonhosted.org/packages/10/5e/1aa9a93198c6b64513c9d7752de7422c06402de6600a8767da1524f9570b/pyparsing-3.2.5-py3-none-any.whl", hash = "sha256:e38a4f02064cf41fe6593d328d0512495ad1f3d8a91c4f73fc401b3079a59a5e", size = 113890, upload-time = "2025-09-21T04:11:04.117Z" },
]
